
Microsoft Visual Studio Solution File, Format Version 12.00
# Visual Studio Version 18
VisualStudioVersion = 18.2.11408.102 d18.0
MinimumVisualStudioVersion = 10.0.40219.1
Project("{2150E333-8FDC-42A3-9474-1A3956D46DE8}") = "src", "src", "{02EA681E-C7D8-13C7-8484-4AC65E1B71E8}"
EndProject
Project("{FAE04EC0-301F-11D3-BF4B-00C04F79EFBC}") = "AdjudicationWorker", "src\AdjudicationWorker\AdjudicationWorker.csproj", "{165DAA7E-F604-0DC5-CFB3-A00D983F998D}"
EndProject
Project("{FAE04EC0-301F-11D3-BF4B-00C04F79EFBC}") = "ApiGateway", "src\ApiGateway\ApiGateway.csproj", "{967A9878-9005-C8B0-725C-1F34134168DB}"
EndProject
Project("{FAE04EC0-301F-11D3-BF4B-00C04F79EFBC}") = "SharedContracts", "src\SharedContracts\SharedContracts.csproj", "{C2AF12F3-DA40-A5C4-AC50-C289CC1AB712}"
EndProject
Project("{2150E333-8FDC-42A3-9474-1A3956D46DE8}") = "Solution Items", "Solution Items", "{D0CDA06B-2D07-498D-B4A9-9E03345C6DC0}"
	ProjectSection(SolutionItems) = preProject
		docker-compose.yml = docker-compose.yml
		keda-scaler.yaml = keda-scaler.yaml
	EndProjectSection
EndProject
Global
	GlobalSection(SolutionConfigurationPlatforms) = preSolution
		Debug|Any CPU = Debug|Any CPU
		Debug|x64 = Debug|x64
		Debug|x86 = Debug|x86
		Release|Any CPU = Release|Any CPU
		Release|x64 = Release|x64
		Release|x86 = Release|x86
	EndGlobalSection
	GlobalSection(ProjectConfigurationPlatforms) = postSolution
		{165DAA7E-F604-0DC5-CFB3-A00D983F998D}.Debug|Any CPU.ActiveCfg = Debug|Any CPU
		{165DAA7E-F604-0DC5-CFB3-A00D983F998D}.Debug|Any CPU.Build.0 = Debug|Any CPU
		{165DAA7E-F604-0DC5-CFB3-A00D983F998D}.Debug|x64.ActiveCfg = Debug|Any CPU
		{165DAA7E-F604-0DC5-CFB3-A00D983F998D}.Debug|x64.Build.0 = Debug|Any CPU
		{165DAA7E-F604-0DC5-CFB3-A00D983F998D}.Debug|x86.ActiveCfg = Debug|Any CPU
		{165DAA7E-F604-0DC5-CFB3-A00D983F998D}.Debug|x86.Build.0 = Debug|Any CPU
		{165DAA7E-F604-0DC5-CFB3-A00D983F998D}.Release|Any CPU.ActiveCfg = Release|Any CPU
		{165DAA7E-F604-0DC5-CFB3-A00D983F998D}.Release|Any CPU.Build.0 = Release|Any CPU
		{165DAA7E-F604-0DC5-CFB3-A00D983F998D}.Release|x64.ActiveCfg = Release|Any CPU
		{165DAA7E-F604-0DC5-CFB3-A00D983F998D}.Release|x64.Build.0 = Release|Any CPU
		{165DAA7E-F604-0DC5-CFB3-A00D983F998D}.Release|x86.ActiveCfg = Release|Any CPU
		{165DAA7E-F604-0DC5-CFB3-A00D983F998D}.Release|x86.Build.0 = Release|Any CPU
		{967A9878-9005-C8B0-725C-1F34134168DB}.Debug|Any CPU.ActiveCfg = Debug|Any CPU
		{967A9878-9005-C8B0-725C-1F34134168DB}.Debug|Any CPU.Build.0 = Debug|Any CPU
		{967A9878-9005-C8B0-725C-1F34134168DB}.Debug|x64.ActiveCfg = Debug|Any CPU
		{967A9878-9005-C8B0-725C-1F34134168DB}.Debug|x64.Build.0 = Debug|Any CPU
		{967A9878-9005-C8B0-725C-1F34134168DB}.Debug|x86.ActiveCfg = Debug|Any CPU
		{967A9878-9005-C8B0-725C-1F34134168DB}.Debug|x86.Build.0 = Debug|Any CPU
		{967A9878-9005-C8B0-725C-1F34134168DB}.Release|Any CPU.ActiveCfg = Release|Any CPU
		{967A9878-9005-C8B0-725C-1F34134168DB}.Release|Any CPU.Build.0 = Release|Any CPU
		{967A9878-9005-C8B0-725C-1F34134168DB}.Release|x64.ActiveCfg = Release|Any CPU
		{967A9878-9005-C8B0-725C-1F34134168DB}.Release|x64.Build.0 = Release|Any CPU
		{967A9878-9005-C8B0-725C-1F34134168DB}.Release|x86.ActiveCfg = Release|Any CPU
		{967A9878-9005-C8B0-725C-1F34134168DB}.Release|x86.Build.0 = Release|Any CPU
		{C2AF12F3-DA40-A5C4-AC50-C289CC1AB712}.Debug|Any CPU.ActiveCfg = Debug|Any CPU
		{C2AF12F3-DA40-A5C4-AC50-C289CC1AB712}.Debug|Any CPU.Build.0 = Debug|Any CPU
		{C2AF12F3-DA40-A5C4-AC50-C289CC1AB712}.Debug|x64.ActiveCfg = Debug|Any CPU
		{C2AF12F3-DA40-A5C4-AC50-C289CC1AB712}.Debug|x64.Build.0 = Debug|Any CPU
		{C2AF12F3-DA40-A5C4-AC50-C289CC1AB712}.Debug|x86.ActiveCfg = Debug|Any CPU
		{C2AF12F3-DA40-A5C4-AC50-C289CC1AB712}.Debug|x86.Build.0 = Debug|Any CPU
		{C2AF12F3-DA40-A5C4-AC50-C289CC1AB712}.Release|Any CPU.ActiveCfg = Release|Any CPU
		{C2AF12F3-DA40-A5C4-AC50-C289CC1AB712}.Release|Any CPU.Build.0 = Release|Any CPU
		{C2AF12F3-DA40-A5C4-AC50-C289CC1AB712}.Release|x64.ActiveCfg = Release|Any CPU
		{C2AF12F3-DA40-A5C4-AC50-C289CC1AB712}.Release|x64.Build.0 = Release|Any CPU
		{C2AF12F3-DA40-A5C4-AC50-C289CC1AB712}.Release|x86.ActiveCfg = Release|Any CPU
		{C2AF12F3-DA40-A5C4-AC50-C289CC1AB712}.Release|x86.Build.0 = Release|Any CPU
	EndGlobalSection
	GlobalSection(SolutionProperties) = preSolution
		HideSolutionNode = FALSE
	EndGlobalSection
	GlobalSection(NestedProjects) = preSolution
		{165DAA7E-F604-0DC5-CFB3-A00D983F998D} = {02EA681E-C7D8-13C7-8484-4AC65E1B71E8}
		{967A9878-9005-C8B0-725C-1F34134168DB} = {02EA681E-C7D8-13C7-8484-4AC65E1B71E8}
		{C2AF12F3-DA40-A5C4-AC50-C289CC1AB712} = {02EA681E-C7D8-13C7-8484-4AC65E1B71E8}
	EndGlobalSection
	GlobalSection(ExtensibilityGlobals) = postSolution
		SolutionGuid = {35213428-7931-4BA6-928B-55C88228E5ED}
	EndGlobalSection
EndGlobal
